
Microsoft Visual Studio Solution File, Format Version 12.00
# Visual Studio Version 16
VisualStudioVersion = 16.0.29905.134
MinimumVisualStudioVersion = 10.0.40219.1
Project("{8BC9CEB8-8B4A-11D0-8D11-00A0C91BC942}") = "MLF", "MLF\MLF.vcxproj", "{D348C5CA-C4EE-4BC7-B876-ACD7E32E5F17}"
EndProject
Global
	GlobalSection(SolutionConfigurationPlatforms) = preSolution
		Debug|x64 = Debug|x64
		Debug|x86 = Debug|x86
		Release|x64 = Release|x64
		Release|x86 = Release|x86
		test|x64 = test|x64
		test|x86 = test|x86
	EndGlobalSection
	GlobalSection(ProjectConfigurationPlatforms) = postSolution
		{D348C5CA-C4EE-4BC7-B876-ACD7E32E5F17}.Debug|x64.ActiveCfg = Debug|x64
		{D348C5CA-C4EE-4BC7-B876-ACD7E32E5F17}.Debug|x64.Build.0 = Debug|x64
		{D348C5CA-C4EE-4BC7-B876-ACD7E32E5F17}.Debug|x86.ActiveCfg = Release|Win32
		{D348C5CA-C4EE-4BC7-B876-ACD7E32E5F17}.Debug|x86.Build.0 = Release|Win32
		{D348C5CA-C4EE-4BC7-B876-ACD7E32E5F17}.Release|x64.ActiveCfg = Release|x64
		{D348C5CA-C4EE-4BC7-B876-ACD7E32E5F17}.Release|x64.Build.0 = Release|x64
		{D348C5CA-C4EE-4BC7-B876-ACD7E32E5F17}.Release|x86.ActiveCfg = Release|Win32
		{D348C5CA-C4EE-4BC7-B876-ACD7E32E5F17}.Release|x86.Build.0 = Release|Win32
		{D348C5CA-C4EE-4BC7-B876-ACD7E32E5F17}.test|x64.ActiveCfg = test|x64
		{D348C5CA-C4EE-4BC7-B876-ACD7E32E5F17}.test|x64.Build.0 = test|x64
		{D348C5CA-C4EE-4BC7-B876-ACD7E32E5F17}.test|x86.ActiveCfg = test|Win32
		{D348C5CA-C4EE-4BC7-B876-ACD7E32E5F17}.test|x86.Build.0 = test|Win32
	EndGlobalSection
	GlobalSection(SolutionProperties) = preSolution
		HideSolutionNode = FALSE
	EndGlobalSection
	GlobalSection(ExtensibilityGlobals) = postSolution
		SolutionGuid = {E0DD69E6-4BB3-4D9B-9DE7-7014EFAF8EE2}
	EndGlobalSection
EndGlobal
